
Microsoft Visual Studio Solution File, Format Version 12.00
# Visual Studio Version 17
VisualStudioVersion = 17.8.34309.116
MinimumVisualStudioVersion = 10.0.40219.1
Project("{FAE04EC0-301F-11D3-BF4B-00C04F79EFBC}") = "EFGetStarted", "EFGetStarted.csproj", "{ADAEBC5B-24C3-4C11-BCE5-B85A07536B91}"
EndProject
Global
	GlobalSection(SolutionConfigurationPlatforms) = preSolution
		Debug|Any CPU = Debug|Any CPU
		Release|Any CPU = Release|Any CPU
	EndGlobalSection
	GlobalSection(ProjectConfigurationPlatforms) = postSolution
		{ADAEBC5B-24C3-4C11-BCE5-B85A07536B91}.Debug|Any CPU.ActiveCfg = Debug|Any CPU
		{ADAEBC5B-24C3-4C11-BCE5-B85A07536B91}.Debug|Any CPU.Build.0 = Debug|Any CPU
		{ADAEBC5B-24C3-4C11-BCE5-B85A07536B91}.Release|Any CPU.ActiveCfg = Release|Any CPU
		{ADAEBC5B-24C3-4C11-BCE5-B85A07536B91}.Release|Any CPU.Build.0 = Release|Any CPU
	EndGlobalSection
	GlobalSection(SolutionProperties) = preSolution
		HideSolutionNode = FALSE
	EndGlobalSection
	GlobalSection(ExtensibilityGlobals) = postSolution
		SolutionGuid = {19C998FD-6893-41AF-B5A8-8BE659A44B45}
	EndGlobalSection
EndGlobal
